// !$*UTF8*$!
{
	archiveVersion = 1;
	classes = {
	};
	objectVersion = 46;
	objects = {

/* Begin PBXBuildFile section */
		704FE1E634510DEEB3A9A74F /* Pods_GPS.framework in Frameworks */ = {isa = PBXBuildFile; fileRef = BB9BEFB8BE940B82ACB4ADA6 /* Pods_GPS.framework */; };
		D902CB2E1E81F17500D5B8E0 /* LoginViewController.swift in Sources */ = {isa = PBXBuildFile; fileRef = D902CB2D1E81F17500D5B8E0 /* LoginViewController.swift */; };
		D90B925F1ECB68BA007D5AA2 /* DetailSettingsController.swift in Sources */ = {isa = PBXBuildFile; fileRef = D90B925E1ECB68BA007D5AA2 /* DetailSettingsController.swift */; };
		D90B92641ECBA570007D5AA2 /* Settings.swift in Sources */ = {isa = PBXBuildFile; fileRef = D90B92631ECBA570007D5AA2 /* Settings.swift */; };
		D926A6C11E944CBD0001645C /* SettingsViewController.swift in Sources */ = {isa = PBXBuildFile; fileRef = D926A6C01E944CBD0001645C /* SettingsViewController.swift */; };
		D926A6C31E944CE10001645C /* InfoViewController.swift in Sources */ = {isa = PBXBuildFile; fileRef = D926A6C21E944CE10001645C /* InfoViewController.swift */; };
		D92C7B1F1EC91D710009EA42 /* Assets.xcassets in Resources */ = {isa = PBXBuildFile; fileRef = D92C7B1E1EC91D710009EA42 /* Assets.xcassets */; };
		D930D5A31E7D588800A77F6C /* AppDelegate.swift in Sources */ = {isa = PBXBuildFile; fileRef = D930D5A21E7D588800A77F6C /* AppDelegate.swift */; };
		D930D5A81E7D588800A77F6C /* Main.storyboard in Resources */ = {isa = PBXBuildFile; fileRef = D930D5A61E7D588800A77F6C /* Main.storyboard */; };
		D930D5AD1E7D588800A77F6C /* LaunchScreen.storyboard in Resources */ = {isa = PBXBuildFile; fileRef = D930D5AB1E7D588800A77F6C /* LaunchScreen.storyboard */; };
		D93877AD1E89D81A001F1AF1 /* SettingsRepository.swift in Sources */ = {isa = PBXBuildFile; fileRef = D93877A51E89D81A001F1AF1 /* SettingsRepository.swift */; };
		D93877AE1E89D81A001F1AF1 /* SettingsRepositoryImpl.swift in Sources */ = {isa = PBXBuildFile; fileRef = D93877A61E89D81A001F1AF1 /* SettingsRepositoryImpl.swift */; };
		D93877AF1E89D81A001F1AF1 /* SettingsService.swift in Sources */ = {isa = PBXBuildFile; fileRef = D93877A81E89D81A001F1AF1 /* SettingsService.swift */; };
		D93877B01E89D81A001F1AF1 /* SettingsServiceImpl.swift in Sources */ = {isa = PBXBuildFile; fileRef = D93877A91E89D81A001F1AF1 /* SettingsServiceImpl.swift */; };
		D9D6864D1E833AFC00A2B798 /* loginBg.gif in Resources */ = {isa = PBXBuildFile; fileRef = D9D6864C1E833AFC00A2B798 /* loginBg.gif */; };
		D9D9AC021EB3A4A500B1188A /* CheckConnection.swift in Sources */ = {isa = PBXBuildFile; fileRef = D9D9ABFC1EB3A4A500B1188A /* CheckConnection.swift */; };
		D9D9AC041EB3A4A500B1188A /* MarkersTableViewCell.swift in Sources */ = {isa = PBXBuildFile; fileRef = D9D9ABFE1EB3A4A500B1188A /* MarkersTableViewCell.swift */; };
		D9D9AC051EB3A4A500B1188A /* NotificationsColors.swift in Sources */ = {isa = PBXBuildFile; fileRef = D9D9AC001EB3A4A500B1188A /* NotificationsColors.swift */; };
		D9D9AC061EB3A4A500B1188A /* VCMapView.swift in Sources */ = {isa = PBXBuildFile; fileRef = D9D9AC011EB3A4A500B1188A /* VCMapView.swift */; };
		D9D9AC0C1EB3A53D00B1188A /* MarkerModel.swift in Sources */ = {isa = PBXBuildFile; fileRef = D9D9AC0B1EB3A53D00B1188A /* MarkerModel.swift */; };
		D9D9AC0E1EB3A55900B1188A /* MarkersRepositoryImpl.swift in Sources */ = {isa = PBXBuildFile; fileRef = D9D9AC0D1EB3A55900B1188A /* MarkersRepositoryImpl.swift */; };
		D9D9AC101EB3A56700B1188A /* MarkersRepository.swift in Sources */ = {isa = PBXBuildFile; fileRef = D9D9AC0F1EB3A56700B1188A /* MarkersRepository.swift */; };
		D9D9AC121EB3A57900B1188A /* MarkersServiceImpl.swift in Sources */ = {isa = PBXBuildFile; fileRef = D9D9AC111EB3A57900B1188A /* MarkersServiceImpl.swift */; };
		D9D9AC141EB3A58200B1188A /* MarkersService.swift in Sources */ = {isa = PBXBuildFile; fileRef = D9D9AC131EB3A58200B1188A /* MarkersService.swift */; };
		D9E25C971ED345B000B05145 /* MapKit.framework in Frameworks */ = {isa = PBXBuildFile; fileRef = D9E25C961ED345B000B05145 /* MapKit.framework */; };
		D9EC1DD21E809A3A00C925A9 /* Assembly.swift in Sources */ = {isa = PBXBuildFile; fileRef = D9EC1DBA1E809A3A00C925A9 /* Assembly.swift */; };
		D9EC1DD31E809A3A00C925A9 /* AssemblyProperties.swift in Sources */ = {isa = PBXBuildFile; fileRef = D9EC1DBB1E809A3A00C925A9 /* AssemblyProperties.swift */; };
		D9EC1DD41E809A3A00C925A9 /* AssemblyViewControllers.swift in Sources */ = {isa = PBXBuildFile; fileRef = D9EC1DBC1E809A3A00C925A9 /* AssemblyViewControllers.swift */; };
		D9EC1DDD1E809A3A00C925A9 /* Navigator.swift in Sources */ = {isa = PBXBuildFile; fileRef = D9EC1DCC1E809A3A00C925A9 /* Navigator.swift */; };
		D9EC1DDE1E809A3A00C925A9 /* NavigatorImpl.swift in Sources */ = {isa = PBXBuildFile; fileRef = D9EC1DCD1E809A3A00C925A9 /* NavigatorImpl.swift */; };
		D9EC1DDF1E809A3A00C925A9 /* Router.swift in Sources */ = {isa = PBXBuildFile; fileRef = D9EC1DCF1E809A3A00C925A9 /* Router.swift */; };
		D9EC1DE01E809A3A00C925A9 /* RouterImpl.swift in Sources */ = {isa = PBXBuildFile; fileRef = D9EC1DD01E809A3A00C925A9 /* RouterImpl.swift */; };
		D9EC1DE11E809A3A00C925A9 /* RouterViewControllerType.swift in Sources */ = {isa = PBXBuildFile; fileRef = D9EC1DD11E809A3A00C925A9 /* RouterViewControllerType.swift */; };
		D9EC1DE31E809D6700C925A9 /* HelpViewController.swift in Sources */ = {isa = PBXBuildFile; fileRef = D9EC1DE21E809D6700C925A9 /* HelpViewController.swift */; };
		D9EC1DE61E80A43000C925A9 /* ViewController.swift in Sources */ = {isa = PBXBuildFile; fileRef = D9EC1DE51E80A43000C925A9 /* ViewController.swift */; };
/* End PBXBuildFile section */

/* Begin PBXFileReference section */
		161060B766C21D295F184046 /* Pods-GPS.release.xcconfig */ = {isa = PBXFileReference; includeInIndex = 1; lastKnownFileType = text.xcconfig; name = "Pods-GPS.release.xcconfig"; path = "Pods/Target Support Files/Pods-GPS/Pods-GPS.release.xcconfig"; sourceTree = "<group>"; };
		BB9BEFB8BE940B82ACB4ADA6 /* Pods_GPS.framework */ = {isa = PBXFileReference; explicitFileType = wrapper.framework; includeInIndex = 0; path = Pods_GPS.framework; sourceTree = BUILT_PRODUCTS_DIR; };
		D902CB2D1E81F17500D5B8E0 /* LoginViewController.swift */ = {isa = PBXFileReference; fileEncoding = 4; lastKnownFileType = sourcecode.swift; path = LoginViewController.swift; sourceTree = "<group>"; };
		D90B925E1ECB68BA007D5AA2 /* DetailSettingsController.swift */ = {isa = PBXFileReference; fileEncoding = 4; lastKnownFileType = sourcecode.swift; path = DetailSettingsController.swift; sourceTree = "<group>"; };
		D90B92631ECBA570007D5AA2 /* Settings.swift */ = {isa = PBXFileReference; fileEncoding = 4; lastKnownFileType = sourcecode.swift; path = Settings.swift; sourceTree = "<group>"; };
		D926A6C01E944CBD0001645C /* SettingsViewController.swift */ = {isa = PBXFileReference; fileEncoding = 4; lastKnownFileType = sourcecode.swift; path = SettingsViewController.swift; sourceTree = "<group>"; };
		D926A6C21E944CE10001645C /* InfoViewController.swift */ = {isa = PBXFileReference; fileEncoding = 4; lastKnownFileType = sourcecode.swift; path = InfoViewController.swift; sourceTree = "<group>"; };
		D92C7B1E1EC91D710009EA42 /* Assets.xcassets */ = {isa = PBXFileReference; lastKnownFileType = folder.assetcatalog; name = Assets.xcassets; path = GPS/Assets.xcassets; sourceTree = SOURCE_ROOT; };
		D930D59F1E7D588800A77F6C /* GPS.app */ = {isa = PBXFileReference; explicitFileType = wrapper.application; includeInIndex = 0; path = GPS.app; sourceTree = BUILT_PRODUCTS_DIR; };
		D930D5A21E7D588800A77F6C /* AppDelegate.swift */ = {isa = PBXFileReference; lastKnownFileType = sourcecode.swift; name = AppDelegate.swift; path = ../AppDelegate.swift; sourceTree = "<group>"; };
		D930D5A71E7D588800A77F6C /* Base */ = {isa = PBXFileReference; lastKnownFileType = file.storyboard; name = Base; path = Base.lproj/Main.storyboard; sourceTree = "<group>"; };
		D930D5AC1E7D588800A77F6C /* Base */ = {isa = PBXFileReference; lastKnownFileType = file.storyboard; name = Base; path = Base.lproj/LaunchScreen.storyboard; sourceTree = "<group>"; };
		D930D5AE1E7D588800A77F6C /* Info.plist */ = {isa = PBXFileReference; lastKnownFileType = text.plist.xml; name = Info.plist; path = ../Info.plist; sourceTree = "<group>"; };
		D93877A51E89D81A001F1AF1 /* SettingsRepository.swift */ = {isa = PBXFileReference; fileEncoding = 4; lastKnownFileType = sourcecode.swift; path = SettingsRepository.swift; sourceTree = "<group>"; };
		D93877A61E89D81A001F1AF1 /* SettingsRepositoryImpl.swift */ = {isa = PBXFileReference; fileEncoding = 4; lastKnownFileType = sourcecode.swift; path = SettingsRepositoryImpl.swift; sourceTree = "<group>"; };
		D93877A81E89D81A001F1AF1 /* SettingsService.swift */ = {isa = PBXFileReference; fileEncoding = 4; lastKnownFileType = sourcecode.swift; path = SettingsService.swift; sourceTree = "<group>"; };
		D93877A91E89D81A001F1AF1 /* SettingsServiceImpl.swift */ = {isa = PBXFileReference; fileEncoding = 4; lastKnownFileType = sourcecode.swift; path = SettingsServiceImpl.swift; sourceTree = "<group>"; };
		D9D6864C1E833AFC00A2B798 /* loginBg.gif */ = {isa = PBXFileReference; lastKnownFileType = image.gif; name = loginBg.gif; path = GPS/loginBg.gif; sourceTree = SOURCE_ROOT; };
		D9D9ABFC1EB3A4A500B1188A /* CheckConnection.swift */ = {isa = PBXFileReference; fileEncoding = 4; lastKnownFileType = sourcecode.swift; path = CheckConnection.swift; sourceTree = "<group>"; };
		D9D9ABFE1EB3A4A500B1188A /* MarkersTableViewCell.swift */ = {isa = PBXFileReference; fileEncoding = 4; lastKnownFileType = sourcecode.swift; path = MarkersTableViewCell.swift; sourceTree = "<group>"; };
		D9D9AC001EB3A4A500B1188A /* NotificationsColors.swift */ = {isa = PBXFileReference; fileEncoding = 4; lastKnownFileType = sourcecode.swift; path = NotificationsColors.swift; sourceTree = "<group>"; };
		D9D9AC011EB3A4A500B1188A /* VCMapView.swift */ = {isa = PBXFileReference; fileEncoding = 4; lastKnownFileType = sourcecode.swift; path = VCMapView.swift; sourceTree = "<group>"; };
		D9D9AC0B1EB3A53D00B1188A /* MarkerModel.swift */ = {isa = PBXFileReference; fileEncoding = 4; lastKnownFileType = sourcecode.swift; path = MarkerModel.swift; sourceTree = "<group>"; };
		D9D9AC0D1EB3A55900B1188A /* MarkersRepositoryImpl.swift */ = {isa = PBXFileReference; fileEncoding = 4; lastKnownFileType = sourcecode.swift; path = MarkersRepositoryImpl.swift; sourceTree = "<group>"; };
		D9D9AC0F1EB3A56700B1188A /* MarkersRepository.swift */ = {isa = PBXFileReference; fileEncoding = 4; lastKnownFileType = sourcecode.swift; path = MarkersRepository.swift; sourceTree = "<group>"; };
		D9D9AC111EB3A57900B1188A /* MarkersServiceImpl.swift */ = {isa = PBXFileReference; fileEncoding = 4; lastKnownFileType = sourcecode.swift; path = MarkersServiceImpl.swift; sourceTree = "<group>"; };
		D9D9AC131EB3A58200B1188A /* MarkersService.swift */ = {isa = PBXFileReference; fileEncoding = 4; lastKnownFileType = sourcecode.swift; path = MarkersService.swift; sourceTree = "<group>"; };
		D9E25C961ED345B000B05145 /* MapKit.framework */ = {isa = PBXFileReference; lastKnownFileType = wrapper.framework; name = MapKit.framework; path = System/Library/Frameworks/MapKit.framework; sourceTree = SDKROOT; };
		D9EC1DBA1E809A3A00C925A9 /* Assembly.swift */ = {isa = PBXFileReference; fileEncoding = 4; lastKnownFileType = sourcecode.swift; path = Assembly.swift; sourceTree = "<group>"; };
		D9EC1DBB1E809A3A00C925A9 /* AssemblyProperties.swift */ = {isa = PBXFileReference; fileEncoding = 4; lastKnownFileType = sourcecode.swift; path = AssemblyProperties.swift; sourceTree = "<group>"; };
		D9EC1DBC1E809A3A00C925A9 /* AssemblyViewControllers.swift */ = {isa = PBXFileReference; fileEncoding = 4; lastKnownFileType = sourcecode.swift; path = AssemblyViewControllers.swift; sourceTree = "<group>"; };
		D9EC1DCC1E809A3A00C925A9 /* Navigator.swift */ = {isa = PBXFileReference; fileEncoding = 4; lastKnownFileType = sourcecode.swift; path = Navigator.swift; sourceTree = "<group>"; };
		D9EC1DCD1E809A3A00C925A9 /* NavigatorImpl.swift */ = {isa = PBXFileReference; fileEncoding = 4; lastKnownFileType = sourcecode.swift; path = NavigatorImpl.swift; sourceTree = "<group>"; };
		D9EC1DCF1E809A3A00C925A9 /* Router.swift */ = {isa = PBXFileReference; fileEncoding = 4; lastKnownFileType = sourcecode.swift; path = Router.swift; sourceTree = "<group>"; };
		D9EC1DD01E809A3A00C925A9 /* RouterImpl.swift */ = {isa = PBXFileReference; fileEncoding = 4; lastKnownFileType = sourcecode.swift; path = RouterImpl.swift; sourceTree = "<group>"; };
		D9EC1DD11E809A3A00C925A9 /* RouterViewControllerType.swift */ = {isa = PBXFileReference; fileEncoding = 4; lastKnownFileType = sourcecode.swift; path = RouterViewControllerType.swift; sourceTree = "<group>"; };
		D9EC1DE21E809D6700C925A9 /* HelpViewController.swift */ = {isa = PBXFileReference; fileEncoding = 4; lastKnownFileType = sourcecode.swift; path = HelpViewController.swift; sourceTree = "<group>"; };
		D9EC1DE51E80A43000C925A9 /* ViewController.swift */ = {isa = PBXFileReference; fileEncoding = 4; lastKnownFileType = sourcecode.swift; path = ViewController.swift; sourceTree = "<group>"; };
		F5AC1993288F91CAADAB279B /* Pods-GPS.debug.xcconfig */ = {isa = PBXFileReference; includeInIndex = 1; lastKnownFileType = text.xcconfig; name = "Pods-GPS.debug.xcconfig"; path = "Pods/Target Support Files/Pods-GPS/Pods-GPS.debug.xcconfig"; sourceTree = "<group>"; };
/* End PBXFileReference section */

/* Begin PBXFrameworksBuildPhase section */
		D930D59C1E7D588800A77F6C /* Frameworks */ = {
			isa = PBXFrameworksBuildPhase;
			buildActionMask = 2147483647;
			files = (
				D9E25C971ED345B000B05145 /* MapKit.framework in Frameworks */,
				704FE1E634510DEEB3A9A74F /* Pods_GPS.framework in Frameworks */,
			);
			runOnlyForDeploymentPostprocessing = 0;
		};
/* End PBXFrameworksBuildPhase section */

/* Begin PBXGroup section */
		24F3962F486FB23CF54DD13B /* Frameworks */ = {
			isa = PBXGroup;
			children = (
				D9E25C961ED345B000B05145 /* MapKit.framework */,
				BB9BEFB8BE940B82ACB4ADA6 /* Pods_GPS.framework */,
			);
			name = Frameworks;
			sourceTree = "<group>";
		};
		D91562861E8DCEAC00CA4415 /* Library */ = {
			isa = PBXGroup;
			children = (
				D9D9ABFB1EB3A4A500B1188A /* Classes */,
				D9D9ABFF1EB3A4A500B1188A /* Extensions */,
			);
			path = Library;
			sourceTree = "<group>";
		};
		D930D5961E7D588800A77F6C = {
			isa = PBXGroup;
			children = (
				D930D5A11E7D588800A77F6C /* GPS */,
				D930D5A01E7D588800A77F6C /* Products */,
				E3410F9D619230C512FA339A /* Pods */,
				24F3962F486FB23CF54DD13B /* Frameworks */,
			);
			sourceTree = "<group>";
		};
		D930D5A01E7D588800A77F6C /* Products */ = {
			isa = PBXGroup;
			children = (
				D930D59F1E7D588800A77F6C /* GPS.app */,
			);
			name = Products;
			sourceTree = "<group>";
		};
		D930D5A11E7D588800A77F6C /* GPS */ = {
			isa = PBXGroup;
			children = (
				D91562861E8DCEAC00CA4415 /* Library */,
				D9EC1DBD1E809A3A00C925A9 /* Controllers */,
				D9EC1DE41E80A41100C925A9 /* Resources */,
				D9EC1DB91E809A3A00C925A9 /* Assemly */,
				D93877991E89D81A001F1AF1 /* DAL */,
				D9EC1DCB1E809A3A00C925A9 /* Navigator */,
				D9EC1DCE1E809A3A00C925A9 /* Router */,
			);
			path = GPS;
			sourceTree = "<group>";
		};
		D93877991E89D81A001F1AF1 /* DAL */ = {
			isa = PBXGroup;
			children = (
				D9D9AC071EB3A52100B1188A /* Markers */,
				D93877A11E89D81A001F1AF1 /* Settings */,
			);
			path = DAL;
			sourceTree = "<group>";
		};
		D93877A11E89D81A001F1AF1 /* Settings */ = {
			isa = PBXGroup;
			children = (
				D93877A41E89D81A001F1AF1 /* Repository */,
				D93877A71E89D81A001F1AF1 /* Service */,
			);
			path = Settings;
			sourceTree = "<group>";
		};
		D93877A41E89D81A001F1AF1 /* Repository */ = {
			isa = PBXGroup;
			children = (
				D93877A51E89D81A001F1AF1 /* SettingsRepository.swift */,
				D93877A61E89D81A001F1AF1 /* SettingsRepositoryImpl.swift */,
			);
			path = Repository;
			sourceTree = "<group>";
		};
		D93877A71E89D81A001F1AF1 /* Service */ = {
			isa = PBXGroup;
			children = (
				D93877A81E89D81A001F1AF1 /* SettingsService.swift */,
				D93877A91E89D81A001F1AF1 /* SettingsServiceImpl.swift */,
			);
			path = Service;
			sourceTree = "<group>";
		};
		D9D9ABFB1EB3A4A500B1188A /* Classes */ = {
			isa = PBXGroup;
			children = (
				D9D9ABFC1EB3A4A500B1188A /* CheckConnection.swift */,
				D9D9ABFE1EB3A4A500B1188A /* MarkersTableViewCell.swift */,
			);
			path = Classes;
			sourceTree = "<group>";
		};
		D9D9ABFF1EB3A4A500B1188A /* Extensions */ = {
			isa = PBXGroup;
			children = (
				D90B92631ECBA570007D5AA2 /* Settings.swift */,
				D9D9AC001EB3A4A500B1188A /* NotificationsColors.swift */,
				D9D9AC011EB3A4A500B1188A /* VCMapView.swift */,
			);
			path = Extensions;
			sourceTree = "<group>";
		};
		D9D9AC071EB3A52100B1188A /* Markers */ = {
			isa = PBXGroup;
			children = (
				D9D9AC081EB3A52100B1188A /* Model */,
				D9D9AC091EB3A52100B1188A /* Repository */,
				D9D9AC0A1EB3A52100B1188A /* Service */,
			);
			path = Markers;
			sourceTree = "<group>";
		};
		D9D9AC081EB3A52100B1188A /* Model */ = {
			isa = PBXGroup;
			children = (
				D9D9AC0B1EB3A53D00B1188A /* MarkerModel.swift */,
			);
			path = Model;
			sourceTree = "<group>";
		};
		D9D9AC091EB3A52100B1188A /* Repository */ = {
			isa = PBXGroup;
			children = (
				D9D9AC0F1EB3A56700B1188A /* MarkersRepository.swift */,
				D9D9AC0D1EB3A55900B1188A /* MarkersRepositoryImpl.swift */,
			);
			path = Repository;
			sourceTree = "<group>";
		};
		D9D9AC0A1EB3A52100B1188A /* Service */ = {
			isa = PBXGroup;
			children = (
				D9D9AC131EB3A58200B1188A /* MarkersService.swift */,
				D9D9AC111EB3A57900B1188A /* MarkersServiceImpl.swift */,
			);
			path = Service;
			sourceTree = "<group>";
		};
		D9EC1DB91E809A3A00C925A9 /* Assemly */ = {
			isa = PBXGroup;
			children = (
				D9EC1DBA1E809A3A00C925A9 /* Assembly.swift */,
				D9EC1DBB1E809A3A00C925A9 /* AssemblyProperties.swift */,
				D9EC1DBC1E809A3A00C925A9 /* AssemblyViewControllers.swift */,
			);
			path = Assemly;
			sourceTree = "<group>";
		};
		D9EC1DBD1E809A3A00C925A9 /* Controllers */ = {
			isa = PBXGroup;
			children = (
				D902CB2D1E81F17500D5B8E0 /* LoginViewController.swift */,
				D9EC1DE51E80A43000C925A9 /* ViewController.swift */,
				D926A6C21E944CE10001645C /* InfoViewController.swift */,
				D926A6C01E944CBD0001645C /* SettingsViewController.swift */,
				D90B925E1ECB68BA007D5AA2 /* DetailSettingsController.swift */,
				D9EC1DE21E809D6700C925A9 /* HelpViewController.swift */,
			);
			path = Controllers;
			sourceTree = "<group>";
		};
		D9EC1DCB1E809A3A00C925A9 /* Navigator */ = {
			isa = PBXGroup;
			children = (
				D9EC1DCC1E809A3A00C925A9 /* Navigator.swift */,
				D9EC1DCD1E809A3A00C925A9 /* NavigatorImpl.swift */,
			);
			path = Navigator;
			sourceTree = "<group>";
		};
		D9EC1DCE1E809A3A00C925A9 /* Router */ = {
			isa = PBXGroup;
			children = (
				D9EC1DCF1E809A3A00C925A9 /* Router.swift */,
				D9EC1DD01E809A3A00C925A9 /* RouterImpl.swift */,
				D9EC1DD11E809A3A00C925A9 /* RouterViewControllerType.swift */,
			);
			path = Router;
			sourceTree = "<group>";
		};
		D9EC1DE41E80A41100C925A9 /* Resources */ = {
			isa = PBXGroup;
			children = (
				D9D6864C1E833AFC00A2B798 /* loginBg.gif */,
				D930D5A21E7D588800A77F6C /* AppDelegate.swift */,
				D930D5A61E7D588800A77F6C /* Main.storyboard */,
				D92C7B1E1EC91D710009EA42 /* Assets.xcassets */,
				D930D5AB1E7D588800A77F6C /* LaunchScreen.storyboard */,
				D930D5AE1E7D588800A77F6C /* Info.plist */,
			);
			path = Resources;
			sourceTree = "<group>";
		};
		E3410F9D619230C512FA339A /* Pods */ = {
			isa = PBXGroup;
			children = (
				F5AC1993288F91CAADAB279B /* Pods-GPS.debug.xcconfig */,
				161060B766C21D295F184046 /* Pods-GPS.release.xcconfig */,
			);
			name = Pods;
			sourceTree = "<group>";
		};
/* End PBXGroup section */

/* Begin PBXNativeTarget section */
		D930D59E1E7D588800A77F6C /* GPS */ = {
			isa = PBXNativeTarget;
			buildConfigurationList = D930D5B11E7D588800A77F6C /* Build configuration list for PBXNativeTarget "GPS" */;
			buildPhases = (
				D04E42633E91D1671EE59BD0 /* [CP] Check Pods Manifest.lock */,
				D930D59B1E7D588800A77F6C /* Sources */,
				D930D59C1E7D588800A77F6C /* Frameworks */,
				D930D59D1E7D588800A77F6C /* Resources */,
				EF9069B4BBB6C12A12AAADBA /* [CP] Embed Pods Frameworks */,
				B36448CBF5A5F6FDDE32BDE9 /* [CP] Copy Pods Resources */,
			);
			buildRules = (
			);
			dependencies = (
			);
			name = GPS;
			productName = GPS;
			productReference = D930D59F1E7D588800A77F6C /* GPS.app */;
			productType = "com.apple.product-type.application";
		};
/* End PBXNativeTarget section */

/* Begin PBXProject section */
		D930D5971E7D588800A77F6C /* Project object */ = {
			isa = PBXProject;
			attributes = {
				LastSwiftUpdateCheck = 0820;
				LastUpgradeCheck = 0820;
				ORGANIZATIONNAME = "Maxim Mazhuga";
				TargetAttributes = {
					D930D59E1E7D588800A77F6C = {
						CreatedOnToolsVersion = 8.2.1;
						DevelopmentTeam = P97K8XPRW7;
						ProvisioningStyle = Automatic;
						SystemCapabilities = {
							com.apple.Maps.iOS = {
								enabled = 1;
							};
						};
					};
				};
			};
			buildConfigurationList = D930D59A1E7D588800A77F6C /* Build configuration list for PBXProject "GPS" */;
			compatibilityVersion = "Xcode 3.2";
			developmentRegion = English;
			hasScannedForEncodings = 0;
			knownRegions = (
				en,
				Base,
			);
			mainGroup = D930D5961E7D588800A77F6C;
			productRefGroup = D930D5A01E7D588800A77F6C /* Products */;
			projectDirPath = "";
			projectRoot = "";
			targets = (
				D930D59E1E7D588800A77F6C /* GPS */,
			);
		};
/* End PBXProject section */

/* Begin PBXResourcesBuildPhase section */
		D930D59D1E7D588800A77F6C /* Resources */ = {
			isa = PBXResourcesBuildPhase;
			buildActionMask = 2147483647;
			files = (
				D930D5AD1E7D588800A77F6C /* LaunchScreen.storyboard in Resources */,
				D9D6864D1E833AFC00A2B798 /* loginBg.gif in Resources */,
				D92C7B1F1EC91D710009EA42 /* Assets.xcassets in Resources */,
				D930D5A81E7D588800A77F6C /* Main.storyboard in Resources */,
			);
			runOnlyForDeploymentPostprocessing = 0;
		};
/* End PBXResourcesBuildPhase section */

/* Begin PBXShellScriptBuildPhase section */
		B36448CBF5A5F6FDDE32BDE9 /* [CP] Copy Pods Resources */ = {
			isa = PBXShellScriptBuildPhase;
			buildActionMask = 2147483647;
			files = (
			);
			inputPaths = (
			);
			name = "[CP] Copy Pods Resources";
			outputPaths = (
			);
			runOnlyForDeploymentPostprocessing = 0;
			shellPath = /bin/sh;
			shellScript = "\"${SRCROOT}/Pods/Target Support Files/Pods-GPS/Pods-GPS-resources.sh\"\n";
			showEnvVarsInLog = 0;
		};
		D04E42633E91D1671EE59BD0 /* [CP] Check Pods Manifest.lock */ = {
			isa = PBXShellScriptBuildPhase;
			buildActionMask = 2147483647;
			files = (
			);
			inputPaths = (
			);
			name = "[CP] Check Pods Manifest.lock";
			outputPaths = (
			);
			runOnlyForDeploymentPostprocessing = 0;
			shellPath = /bin/sh;
			shellScript = "diff \"${PODS_ROOT}/../Podfile.lock\" \"${PODS_ROOT}/Manifest.lock\" > /dev/null\nif [ $? != 0 ] ; then\n    # print error to STDERR\n    echo \"error: The sandbox is not in sync with the Podfile.lock. Run 'pod install' or update your CocoaPods installation.\" >&2\n    exit 1\nfi\n";
			showEnvVarsInLog = 0;
		};
		EF9069B4BBB6C12A12AAADBA /* [CP] Embed Pods Frameworks */ = {
			isa = PBXShellScriptBuildPhase;
			buildActionMask = 2147483647;
			files = (
			);
			inputPaths = (
			);
			name = "[CP] Embed Pods Frameworks";
			outputPaths = (
			);
			runOnlyForDeploymentPostprocessing = 0;
			shellPath = /bin/sh;
			shellScript = "\"${SRCROOT}/Pods/Target Support Files/Pods-GPS/Pods-GPS-frameworks.sh\"\n";
			showEnvVarsInLog = 0;
		};
/* End PBXShellScriptBuildPhase section */

/* Begin PBXSourcesBuildPhase section */
		D930D59B1E7D588800A77F6C /* Sources */ = {
			isa = PBXSourcesBuildPhase;
			buildActionMask = 2147483647;
			files = (
				D93877AF1E89D81A001F1AF1 /* SettingsService.swift in Sources */,
				D902CB2E1E81F17500D5B8E0 /* LoginViewController.swift in Sources */,
				D9EC1DE31E809D6700C925A9 /* HelpViewController.swift in Sources */,
				D93877B01E89D81A001F1AF1 /* SettingsServiceImpl.swift in Sources */,
				D93877AD1E89D81A001F1AF1 /* SettingsRepository.swift in Sources */,
				D926A6C11E944CBD0001645C /* SettingsViewController.swift in Sources */,
				D9EC1DDE1E809A3A00C925A9 /* NavigatorImpl.swift in Sources */,
				D9D9AC0C1EB3A53D00B1188A /* MarkerModel.swift in Sources */,
				D9EC1DE01E809A3A00C925A9 /* RouterImpl.swift in Sources */,
				D9D9AC141EB3A58200B1188A /* MarkersService.swift in Sources */,
				D9EC1DD31E809A3A00C925A9 /* AssemblyProperties.swift in Sources */,
				D90B925F1ECB68BA007D5AA2 /* DetailSettingsController.swift in Sources */,
				D9D9AC061EB3A4A500B1188A /* VCMapView.swift in Sources */,
				D9EC1DE11E809A3A00C925A9 /* RouterViewControllerType.swift in Sources */,
				D9D9AC021EB3A4A500B1188A /* CheckConnection.swift in Sources */,
				D9D9AC051EB3A4A500B1188A /* NotificationsColors.swift in Sources */,
				D9D9AC0E1EB3A55900B1188A /* MarkersRepositoryImpl.swift in Sources */,
				D93877AE1E89D81A001F1AF1 /* SettingsRepositoryImpl.swift in Sources */,
				D9EC1DDF1E809A3A00C925A9 /* Router.swift in Sources */,
				D926A6C31E944CE10001645C /* InfoViewController.swift in Sources */,
				D9EC1DE61E80A43000C925A9 /* ViewController.swift in Sources */,
				D9D9AC041EB3A4A500B1188A /* MarkersTableViewCell.swift in Sources */,
				D9EC1DDD1E809A3A00C925A9 /* Navigator.swift in Sources */,
				D90B92641ECBA570007D5AA2 /* Settings.swift in Sources */,
				D9EC1DD21E809A3A00C925A9 /* Assembly.swift in Sources */,
				D9D9AC101EB3A56700B1188A /* MarkersRepository.swift in Sources */,
				D9D9AC121EB3A57900B1188A /* MarkersServiceImpl.swift in Sources */,
				D930D5A31E7D588800A77F6C /* AppDelegate.swift in Sources */,
				D9EC1DD41E809A3A00C925A9 /* AssemblyViewControllers.swift in Sources */,
			);
			runOnlyForDeploymentPostprocessing = 0;
		};
/* End PBXSourcesBuildPhase section */

/* Begin PBXVariantGroup section */
		D930D5A61E7D588800A77F6C /* Main.storyboard */ = {
			isa = PBXVariantGroup;
			children = (
				D930D5A71E7D588800A77F6C /* Base */,
			);
			name = Main.storyboard;
			path = ..;
			sourceTree = "<group>";
		};
		D930D5AB1E7D588800A77F6C /* LaunchScreen.storyboard */ = {
			isa = PBXVariantGroup;
			children = (
				D930D5AC1E7D588800A77F6C /* Base */,
			);
			name = LaunchScreen.storyboard;
			path = ..;
			sourceTree = "<group>";
		};
/* End PBXVariantGroup section */

/* Begin XCBuildConfiguration section */
		D930D5AF1E7D588800A77F6C /* Debug */ = {
			isa = XCBuildConfiguration;
			buildSettings = {
				ALWAYS_SEARCH_USER_PATHS = NO;
				CLANG_ANALYZER_NONNULL = YES;
				CLANG_CXX_LANGUAGE_STANDARD = "gnu++0x";
				CLANG_CXX_LIBRARY = "libc++";
				CLANG_ENABLE_MODULES = YES;
				CLANG_ENABLE_OBJC_ARC = YES;
				CLANG_WARN_BOOL_CONVERSION = YES;
				CLANG_WARN_CONSTANT_CONVERSION = YES;
				CLANG_WARN_DIRECT_OBJC_ISA_USAGE = YES_ERROR;
				CLANG_WARN_DOCUMENTATION_COMMENTS = YES;
				CLANG_WARN_EMPTY_BODY = YES;
				CLANG_WARN_ENUM_CONVERSION = YES;
				CLANG_WARN_INFINITE_RECURSION = YES;
				CLANG_WARN_INT_CONVERSION = YES;
				CLANG_WARN_OBJC_ROOT_CLASS = YES_ERROR;
				CLANG_WARN_SUSPICIOUS_MOVE = YES;
				CLANG_WARN_UNREACHABLE_CODE = YES;
				CLANG_WARN__DUPLICATE_METHOD_MATCH = YES;
				"CODE_SIGN_IDENTITY[sdk=iphoneos*]" = "iPhone Developer";
				COPY_PHASE_STRIP = NO;
				DEBUG_INFORMATION_FORMAT = dwarf;
				ENABLE_STRICT_OBJC_MSGSEND = YES;
				ENABLE_TESTABILITY = YES;
				GCC_C_LANGUAGE_STANDARD = gnu99;
				GCC_DYNAMIC_NO_PIC = NO;
				GCC_NO_COMMON_BLOCKS = YES;
				GCC_OPTIMIZATION_LEVEL = 0;
				GCC_PREPROCESSOR_DEFINITIONS = (
					"DEBUG=1",
					"$(inherited)",
				);
				GCC_WARN_64_TO_32_BIT_CONVERSION = YES;
				GCC_WARN_ABOUT_RETURN_TYPE = YES_ERROR;
				GCC_WARN_UNDECLARED_SELECTOR = YES;
				GCC_WARN_UNINITIALIZED_AUTOS = YES_AGGRESSIVE;
				GCC_WARN_UNUSED_FUNCTION = YES;
				GCC_WARN_UNUSED_VARIABLE = YES;
				IPHONEOS_DEPLOYMENT_TARGET = 10.2;
				MTL_ENABLE_DEBUG_INFO = YES;
				ONLY_ACTIVE_ARCH = YES;
				SDKROOT = iphoneos;
				SWIFT_ACTIVE_COMPILATION_CONDITIONS = DEBUG;
				SWIFT_OPTIMIZATION_LEVEL = "-Onone";
				TARGETED_DEVICE_FAMILY = "1,2";
			};
			name = Debug;
		};
		D930D5B01E7D588800A77F6C /* Release */ = {
			isa = XCBuildConfiguration;
			buildSettings = {
				ALWAYS_SEARCH_USER_PATHS = NO;
				CLANG_ANALYZER_NONNULL = YES;
				CLANG_CXX_LANGUAGE_STANDARD = "gnu++0x";
				CLANG_CXX_LIBRARY = "libc++";
				CLANG_ENABLE_MODULES = YES;
				CLANG_ENABLE_OBJC_ARC = YES;
				CLANG_WARN_BOOL_CONVERSION = YES;
				CLANG_WARN_CONSTANT_CONVERSION = YES;
				CLANG_WARN_DIRECT_OBJC_ISA_USAGE = YES_ERROR;
				CLANG_WARN_DOCUMENTATION_COMMENTS = YES;
				CLANG_WARN_EMPTY_BODY = YES;
				CLANG_WARN_ENUM_CONVERSION = YES;
				CLANG_WARN_INFINITE_RECURSION = YES;
				CLANG_WARN_INT_CONVERSION = YES;
				CLANG_WARN_OBJC_ROOT_CLASS = YES_ERROR;
				CLANG_WARN_SUSPICIOUS_MOVE = YES;
				CLANG_WARN_UNREACHABLE_CODE = YES;
				CLANG_WARN__DUPLICATE_METHOD_MATCH = YES;
				"CODE_SIGN_IDENTITY[sdk=iphoneos*]" = "iPhone Developer";
				COPY_PHASE_STRIP = NO;
				DEBUG_INFORMATION_FORMAT = "dwarf-with-dsym";
				ENABLE_NS_ASSERTIONS = NO;
				ENABLE_STRICT_OBJC_MSGSEND = YES;
				GCC_C_LANGUAGE_STANDARD = gnu99;
				GCC_NO_COMMON_BLOCKS = YES;
				GCC_WARN_64_TO_32_BIT_CONVERSION = YES;
				GCC_WARN_ABOUT_RETURN_TYPE = YES_ERROR;
				GCC_WARN_UNDECLARED_SELECTOR = YES;
				GCC_WARN_UNINITIALIZED_AUTOS = YES_AGGRESSIVE;
				GCC_WARN_UNUSED_FUNCTION = YES;
				GCC_WARN_UNUSED_VARIABLE = YES;
				IPHONEOS_DEPLOYMENT_TARGET = 10.2;
				MTL_ENABLE_DEBUG_INFO = NO;
				SDKROOT = iphoneos;
				SWIFT_OPTIMIZATION_LEVEL = "-Owholemodule";
				TARGETED_DEVICE_FAMILY = "1,2";
				VALIDATE_PRODUCT = YES;
			};
			name = Release;
		};
		D930D5B21E7D588800A77F6C /* Debug */ = {
			isa = XCBuildConfiguration;
			baseConfigurationReference = F5AC1993288F91CAADAB279B /* Pods-GPS.debug.xcconfig */;
			buildSettings = {
				ASSETCATALOG_COMPILER_APPICON_NAME = AppIcon;
				DEVELOPMENT_TEAM = P97K8XPRW7;
				INFOPLIST_FILE = GPS/Info.plist;
				IPHONEOS_DEPLOYMENT_TARGET = 8.3;
				LD_RUNPATH_SEARCH_PATHS = "$(inherited) @executable_path/Frameworks";
				PRODUCT_BUNDLE_IDENTIFIER = everly.GPS;
				PRODUCT_NAME = "$(TARGET_NAME)";
				SWIFT_VERSION = 3.0;
				TARGETED_DEVICE_FAMILY = "1,2";
			};
			name = Debug;
		};
		D930D5B31E7D588800A77F6C /* Release */ = {
			isa = XCBuildConfiguration;
			baseConfigurationReference = 161060B766C21D295F184046 /* Pods-GPS.release.xcconfig */;
			buildSettings = {
				ASSETCATALOG_COMPILER_APPICON_NAME = AppIcon;
				DEVELOPMENT_TEAM = P97K8XPRW7;
				INFOPLIST_FILE = GPS/Info.plist;
				IPHONEOS_DEPLOYMENT_TARGET = 8.3;
				LD_RUNPATH_SEARCH_PATHS = "$(inherited) @executable_path/Frameworks";
				PRODUCT_BUNDLE_IDENTIFIER = everly.GPS;
				PRODUCT_NAME = "$(TARGET_NAME)";
				SWIFT_VERSION = 3.0;
				TARGETED_DEVICE_FAMILY = "1,2";
			};
			name = Release;
		};
/* End XCBuildConfiguration section */

/* Begin XCConfigurationList section */
		D930D59A1E7D588800A77F6C /* Build configuration list for PBXProject "GPS" */ = {
			isa = XCConfigurationList;
			buildConfigurations = (
				D930D5AF1E7D588800A77F6C /* Debug */,
				D930D5B01E7D588800A77F6C /* Release */,
			);
			defaultConfigurationIsVisible = 0;
			defaultConfigurationName = Release;
		};
		D930D5B11E7D588800A77F6C /* Build configuration list for PBXNativeTarget "GPS" */ = {
			isa = XCConfigurationList;
			buildConfigurations = (
				D930D5B21E7D588800A77F6C /* Debug */,
				D930D5B31E7D588800A77F6C /* Release */,
			);
			defaultConfigurationIsVisible = 0;
			defaultConfigurationName = Release;
		};
/* End XCConfigurationList section */
	};
	rootObject = D930D5971E7D588800A77F6C /* Project object */;
}
